
Microsoft Visual Studio Solution File, Format Version 12.00
# Visual Studio Version 17
VisualStudioVersion = 17.7.34031.279
MinimumVisualStudioVersion = 10.0.40219.1
Project("{FAE04EC0-301F-11D3-BF4B-00C04F79EFBC}") = "ForensicBones", "ForensicBones\ForensicBones.csproj", "{8BDF7060-B18B-496B-A821-3E456B5907E0}"
EndProject
Global
	GlobalSection(SolutionConfigurationPlatforms) = preSolution
		Debug|Any CPU = Debug|Any CPU
		Release|Any CPU = Release|Any CPU
	EndGlobalSection
	GlobalSection(ProjectConfigurationPlatforms) = postSolution
		{8BDF7060-B18B-496B-A821-3E456B5907E0}.Debug|Any CPU.ActiveCfg = Debug|Any CPU
		{8BDF7060-B18B-496B-A821-3E456B5907E0}.Debug|Any CPU.Build.0 = Debug|Any CPU
		{8BDF7060-B18B-496B-A821-3E456B5907E0}.Release|Any CPU.ActiveCfg = Release|Any CPU
		{8BDF7060-B18B-496B-A821-3E456B5907E0}.Release|Any CPU.Build.0 = Release|Any CPU
	EndGlobalSection
	GlobalSection(SolutionProperties) = preSolution
		HideSolutionNode = FALSE
	EndGlobalSection
	GlobalSection(ExtensibilityGlobals) = postSolution
		SolutionGuid = {E3A2FED9-22D2-4D00-AA31-F9AC5D8B7284}
	EndGlobalSection
EndGlobal
